// !$*UTF8*$!
{
	archiveVersion = 1;
	classes = {
	};
	objectVersion = 50;
	objects = {

/* Begin PBXBuildFile section */
		E518132B24336E0300D021C6 /* AppDelegate.m in Sources */ = {isa = PBXBuildFile; fileRef = E518132A24336E0300D021C6 /* AppDelegate.m */; };
		E518132E24336E0300D021C6 /* SceneDelegate.m in Sources */ = {isa = PBXBuildFile; fileRef = E518132D24336E0300D021C6 /* SceneDelegate.m */; };
		E518133124336E0300D021C6 /* ViewController.m in Sources */ = {isa = PBXBuildFile; fileRef = E518133024336E0300D021C6 /* ViewController.m */; };
		E518133424336E0300D021C6 /* Main.storyboard in Resources */ = {isa = PBXBuildFile; fileRef = E518133224336E0300D021C6 /* Main.storyboard */; };
		E518133624336E0800D021C6 /* Assets.xcassets in Resources */ = {isa = PBXBuildFile; fileRef = E518133524336E0800D021C6 /* Assets.xcassets */; };
		E518133924336E0800D021C6 /* LaunchScreen.storyboard in Resources */ = {isa = PBXBuildFile; fileRef = E518133724336E0800D021C6 /* LaunchScreen.storyboard */; };
		E518133C24336E0800D021C6 /* main.m in Sources */ = {isa = PBXBuildFile; fileRef = E518133B24336E0800D021C6 /* main.m */; };
		E518134424336E6E00D021C6 /* RenderView.m in Sources */ = {isa = PBXBuildFile; fileRef = E518134324336E6E00D021C6 /* RenderView.m */; };
		E51813462434903000D021C6 /* shaderV.glsl in Resources */ = {isa = PBXBuildFile; fileRef = E51813452434903000D021C6 /* shaderV.glsl */; };
		E51813482434904400D021C6 /* shaderF.glsl in Resources */ = {isa = PBXBuildFile; fileRef = E51813472434904400D021C6 /* shaderF.glsl */; };
		E5181350243497A900D021C6 /* GLESUtils.m in Sources */ = {isa = PBXBuildFile; fileRef = E518134A243497A900D021C6 /* GLESUtils.m */; };
		E5181351243497A900D021C6 /* GLESMath.c in Sources */ = {isa = PBXBuildFile; fileRef = E518134C243497A900D021C6 /* GLESMath.c */; };
/* End PBXBuildFile section */

/* Begin PBXFileReference section */
		E518132624336E0300D021C6 /* GLSL索引绘制.app */ = {isa = PBXFileReference; explicitFileType = wrapper.application; includeInIndex = 0; path = "GLSL索引绘制.app"; sourceTree = BUILT_PRODUCTS_DIR; };
		E518132924336E0300D021C6 /* AppDelegate.h */ = {isa = PBXFileReference; lastKnownFileType = sourcecode.c.h; path = AppDelegate.h; sourceTree = "<group>"; };
		E518132A24336E0300D021C6 /* AppDelegate.m */ = {isa = PBXFileReference; lastKnownFileType = sourcecode.c.objc; path = AppDelegate.m; sourceTree = "<group>"; };
		E518132C24336E0300D021C6 /* SceneDelegate.h */ = {isa = PBXFileReference; lastKnownFileType = sourcecode.c.h; path = SceneDelegate.h; sourceTree = "<group>"; };
		E518132D24336E0300D021C6 /* SceneDelegate.m */ = {isa = PBXFileReference; lastKnownFileType = sourcecode.c.objc; path = SceneDelegate.m; sourceTree = "<group>"; };
		E518132F24336E0300D021C6 /* ViewController.h */ = {isa = PBXFileReference; lastKnownFileType = sourcecode.c.h; path = ViewController.h; sourceTree = "<group>"; };
		E518133024336E0300D021C6 /* ViewController.m */ = {isa = PBXFileReference; lastKnownFileType = sourcecode.c.objc; path = ViewController.m; sourceTree = "<group>"; };
		E518133324336E0300D021C6 /* Base */ = {isa = PBXFileReference; lastKnownFileType = file.storyboard; name = Base; path = Base.lproj/Main.storyboard; sourceTree = "<group>"; };
		E518133524336E0800D021C6 /* Assets.xcassets */ = {isa = PBXFileReference; lastKnownFileType = folder.assetcatalog; path = Assets.xcassets; sourceTree = "<group>"; };
		E518133824336E0800D021C6 /* Base */ = {isa = PBXFileReference; lastKnownFileType = file.storyboard; name = Base; path = Base.lproj/LaunchScreen.storyboard; sourceTree = "<group>"; };
		E518133A24336E0800D021C6 /* Info.plist */ = {isa = PBXFileReference; lastKnownFileType = text.plist.xml; path = Info.plist; sourceTree = "<group>"; };
		E518133B24336E0800D021C6 /* main.m */ = {isa = PBXFileReference; lastKnownFileType = sourcecode.c.objc; path = main.m; sourceTree = "<group>"; };
		E518134224336E6E00D021C6 /* RenderView.h */ = {isa = PBXFileReference; lastKnownFileType = sourcecode.c.h; path = RenderView.h; sourceTree = "<group>"; };
		E518134324336E6E00D021C6 /* RenderView.m */ = {isa = PBXFileReference; lastKnownFileType = sourcecode.c.objc; path = RenderView.m; sourceTree = "<group>"; };
		E51813452434903000D021C6 /* shaderV.glsl */ = {isa = PBXFileReference; lastKnownFileType = text; path = shaderV.glsl; sourceTree = "<group>"; };
		E51813472434904400D021C6 /* shaderF.glsl */ = {isa = PBXFileReference; lastKnownFileType = text; path = shaderF.glsl; sourceTree = "<group>"; };
		E518134A243497A900D021C6 /* GLESUtils.m */ = {isa = PBXFileReference; fileEncoding = 4; lastKnownFileType = sourcecode.c.objc; path = GLESUtils.m; sourceTree = "<group>"; };
		E518134B243497A900D021C6 /* Quaternion.h */ = {isa = PBXFileReference; fileEncoding = 4; lastKnownFileType = sourcecode.c.h; path = Quaternion.h; sourceTree = "<group>"; };
		E518134C243497A900D021C6 /* GLESMath.c */ = {isa = PBXFileReference; fileEncoding = 4; lastKnownFileType = sourcecode.c.c; path = GLESMath.c; sourceTree = "<group>"; };
		E518134D243497A900D021C6 /* GLESUtils.h */ = {isa = PBXFileReference; fileEncoding = 4; lastKnownFileType = sourcecode.c.h; path = GLESUtils.h; sourceTree = "<group>"; };
		E518134E243497A900D021C6 /* Vector.h */ = {isa = PBXFileReference; fileEncoding = 4; lastKnownFileType = sourcecode.c.h; path = Vector.h; sourceTree = "<group>"; };
		E518134F243497A900D021C6 /* GLESMath.h */ = {isa = PBXFileReference; fileEncoding = 4; lastKnownFileType = sourcecode.c.h; path = GLESMath.h; sourceTree = "<group>"; };
/* End PBXFileReference section */

/* Begin PBXFrameworksBuildPhase section */
		E518132324336E0300D021C6 /* Frameworks */ = {
			isa = PBXFrameworksBuildPhase;
			buildActionMask = 2147483647;
			files = (
			);
			runOnlyForDeploymentPostprocessing = 0;
		};
/* End PBXFrameworksBuildPhase section */

/* Begin PBXGroup section */
		E518131D24336E0300D021C6 = {
			isa = PBXGroup;
			children = (
				E518132824336E0300D021C6 /* GLSL索引绘制 */,
				E518132724336E0300D021C6 /* Products */,
			);
			sourceTree = "<group>";
		};
		E518132724336E0300D021C6 /* Products */ = {
			isa = PBXGroup;
			children = (
				E518132624336E0300D021C6 /* GLSL索引绘制.app */,
			);
			name = Products;
			sourceTree = "<group>";
		};
		E518132824336E0300D021C6 /* GLSL索引绘制 */ = {
			isa = PBXGroup;
			children = (
				E5181349243497A900D021C6 /* Utils */,
				E518132924336E0300D021C6 /* AppDelegate.h */,
				E518132A24336E0300D021C6 /* AppDelegate.m */,
				E518132C24336E0300D021C6 /* SceneDelegate.h */,
				E518132D24336E0300D021C6 /* SceneDelegate.m */,
				E518132F24336E0300D021C6 /* ViewController.h */,
				E518133024336E0300D021C6 /* ViewController.m */,
				E518133224336E0300D021C6 /* Main.storyboard */,
				E518133524336E0800D021C6 /* Assets.xcassets */,
				E518133724336E0800D021C6 /* LaunchScreen.storyboard */,
				E518133A24336E0800D021C6 /* Info.plist */,
				E518133B24336E0800D021C6 /* main.m */,
				E518134224336E6E00D021C6 /* RenderView.h */,
				E518134324336E6E00D021C6 /* RenderView.m */,
				E51813452434903000D021C6 /* shaderV.glsl */,
				E51813472434904400D021C6 /* shaderF.glsl */,
			);
			path = "GLSL索引绘制";
			sourceTree = "<group>";
		};
		E5181349243497A900D021C6 /* Utils */ = {
			isa = PBXGroup;
			children = (
				E518134F243497A900D021C6 /* GLESMath.h */,
				E518134C243497A900D021C6 /* GLESMath.c */,
				E518134D243497A900D021C6 /* GLESUtils.h */,
				E518134A243497A900D021C6 /* GLESUtils.m */,
				E518134E243497A900D021C6 /* Vector.h */,
				E518134B243497A900D021C6 /* Quaternion.h */,
			);
			path = Utils;
			sourceTree = "<group>";
		};
/* End PBXGroup section */

/* Begin PBXNativeTarget section */
		E518132524336E0300D021C6 /* GLSL索引绘制 */ = {
			isa = PBXNativeTarget;
			buildConfigurationList = E518133F24336E0800D021C6 /* Build configuration list for PBXNativeTarget "GLSL索引绘制" */;
			buildPhases = (
				E518132224336E0300D021C6 /* Sources */,
				E518132324336E0300D021C6 /* Frameworks */,
				E518132424336E0300D021C6 /* Resources */,
			);
			buildRules = (
			);
			dependencies = (
			);
			name = "GLSL索引绘制";
			productName = "GLSL索引绘制";
			productReference = E518132624336E0300D021C6 /* GLSL索引绘制.app */;
			productType = "com.apple.product-type.application";
		};
/* End PBXNativeTarget section */

/* Begin PBXProject section */
		E518131E24336E0300D021C6 /* Project object */ = {
			isa = PBXProject;
			attributes = {
				LastUpgradeCheck = 1140;
				ORGANIZATIONNAME = Misaka;
				TargetAttributes = {
					E518132524336E0300D021C6 = {
						CreatedOnToolsVersion = 11.4;
					};
				};
			};
			buildConfigurationList = E518132124336E0300D021C6 /* Build configuration list for PBXProject "GLSL索引绘制" */;
			compatibilityVersion = "Xcode 9.3";
			developmentRegion = en;
			hasScannedForEncodings = 0;
			knownRegions = (
				en,
				Base,
			);
			mainGroup = E518131D24336E0300D021C6;
			productRefGroup = E518132724336E0300D021C6 /* Products */;
			projectDirPath = "";
			projectRoot = "";
			targets = (
				E518132524336E0300D021C6 /* GLSL索引绘制 */,
			);
		};
/* End PBXProject section */

/* Begin PBXResourcesBuildPhase section */
		E518132424336E0300D021C6 /* Resources */ = {
			isa = PBXResourcesBuildPhase;
			buildActionMask = 2147483647;
			files = (
				E518133924336E0800D021C6 /* LaunchScreen.storyboard in Resources */,
				E51813462434903000D021C6 /* shaderV.glsl in Resources */,
				E518133624336E0800D021C6 /* Assets.xcassets in Resources */,
				E518133424336E0300D021C6 /* Main.storyboard in Resources */,
				E51813482434904400D021C6 /* shaderF.glsl in Resources */,
			);
			runOnlyForDeploymentPostprocessing = 0;
		};
/* End PBXResourcesBuildPhase section */

/* Begin PBXSourcesBuildPhase section */
		E518132224336E0300D021C6 /* Sources */ = {
			isa = PBXSourcesBuildPhase;
			buildActionMask = 2147483647;
			files = (
				E518133124336E0300D021C6 /* ViewController.m in Sources */,
				E518134424336E6E00D021C6 /* RenderView.m in Sources */,
				E5181351243497A900D021C6 /* GLESMath.c in Sources */,
				E518132B24336E0300D021C6 /* AppDelegate.m in Sources */,
				E518133C24336E0800D021C6 /* main.m in Sources */,
				E5181350243497A900D021C6 /* GLESUtils.m in Sources */,
				E518132E24336E0300D021C6 /* SceneDelegate.m in Sources */,
			);
			runOnlyForDeploymentPostprocessing = 0;
		};
/* End PBXSourcesBuildPhase section */

/* Begin PBXVariantGroup section */
		E518133224336E0300D021C6 /* Main.storyboard */ = {
			isa = PBXVariantGroup;
			children = (
				E518133324336E0300D021C6 /* Base */,
			);
			name = Main.storyboard;
			sourceTree = "<group>";
		};
		E518133724336E0800D021C6 /* LaunchScreen.storyboard */ = {
			isa = PBXVariantGroup;
			children = (
				E518133824336E0800D021C6 /* Base */,
			);
			name = LaunchScreen.storyboard;
			sourceTree = "<group>";
		};
/* End PBXVariantGroup section */

/* Begin XCBuildConfiguration section */
		E518133D24336E0800D021C6 /* Debug */ = {
			isa = XCBuildConfiguration;
			buildSettings = {
				ALWAYS_SEARCH_USER_PATHS = NO;
				CLANG_ANALYZER_NONNULL = YES;
				CLANG_ANALYZER_NUMBER_OBJECT_CONVERSION = YES_AGGRESSIVE;
				CLANG_CXX_LANGUAGE_STANDARD = "gnu++14";
				CLANG_CXX_LIBRARY = "libc++";
				CLANG_ENABLE_MODULES = YES;
				CLANG_ENABLE_OBJC_ARC = YES;
				CLANG_ENABLE_OBJC_WEAK = YES;
				CLANG_WARN_BLOCK_CAPTURE_AUTORELEASING = YES;
				CLANG_WARN_BOOL_CONVERSION = YES;
				CLANG_WARN_COMMA = YES;
				CLANG_WARN_CONSTANT_CONVERSION = YES;
				CLANG_WARN_DEPRECATED_OBJC_IMPLEMENTATIONS = YES;
				CLANG_WARN_DIRECT_OBJC_ISA_USAGE = YES_ERROR;
				CLANG_WARN_DOCUMENTATION_COMMENTS = YES;
				CLANG_WARN_EMPTY_BODY = YES;
				CLANG_WARN_ENUM_CONVERSION = YES;
				CLANG_WARN_INFINITE_RECURSION = YES;
				CLANG_WARN_INT_CONVERSION = YES;
				CLANG_WARN_NON_LITERAL_NULL_CONVERSION = YES;
				CLANG_WARN_OBJC_IMPLICIT_RETAIN_SELF = YES;
				CLANG_WARN_OBJC_LITERAL_CONVERSION = YES;
				CLANG_WARN_OBJC_ROOT_CLASS = YES_ERROR;
				CLANG_WARN_RANGE_LOOP_ANALYSIS = YES;
				CLANG_WARN_STRICT_PROTOTYPES = YES;
				CLANG_WARN_SUSPICIOUS_MOVE = YES;
				CLANG_WARN_UNGUARDED_AVAILABILITY = YES_AGGRESSIVE;
				CLANG_WARN_UNREACHABLE_CODE = YES;
				CLANG_WARN__DUPLICATE_METHOD_MATCH = YES;
				COPY_PHASE_STRIP = NO;
				DEBUG_INFORMATION_FORMAT = dwarf;
				ENABLE_STRICT_OBJC_MSGSEND = YES;
				ENABLE_TESTABILITY = YES;
				GCC_C_LANGUAGE_STANDARD = gnu11;
				GCC_DYNAMIC_NO_PIC = NO;
				GCC_NO_COMMON_BLOCKS = YES;
				GCC_OPTIMIZATION_LEVEL = 0;
				GCC_PREPROCESSOR_DEFINITIONS = (
					"DEBUG=1",
					"$(inherited)",
				);
				GCC_WARN_64_TO_32_BIT_CONVERSION = YES;
				GCC_WARN_ABOUT_RETURN_TYPE = YES_ERROR;
				GCC_WARN_UNDECLARED_SELECTOR = YES;
				GCC_WARN_UNINITIALIZED_AUTOS = YES_AGGRESSIVE;
				GCC_WARN_UNUSED_FUNCTION = YES;
				GCC_WARN_UNUSED_VARIABLE = YES;
				IPHONEOS_DEPLOYMENT_TARGET = 13.4;
				MTL_ENABLE_DEBUG_INFO = INCLUDE_SOURCE;
				MTL_FAST_MATH = YES;
				ONLY_ACTIVE_ARCH = YES;
				SDKROOT = iphoneos;
			};
			name = Debug;
		};
		E518133E24336E0800D021C6 /* Release */ = {
			isa = XCBuildConfiguration;
			buildSettings = {
				ALWAYS_SEARCH_USER_PATHS = NO;
				CLANG_ANALYZER_NONNULL = YES;
				CLANG_ANALYZER_NUMBER_OBJECT_CONVERSION = YES_AGGRESSIVE;
				CLANG_CXX_LANGUAGE_STANDARD = "gnu++14";
				CLANG_CXX_LIBRARY = "libc++";
				CLANG_ENABLE_MODULES = YES;
				CLANG_ENABLE_OBJC_ARC = YES;
				CLANG_ENABLE_OBJC_WEAK = YES;
				CLANG_WARN_BLOCK_CAPTURE_AUTORELEASING = YES;
				CLANG_WARN_BOOL_CONVERSION = YES;
				CLANG_WARN_COMMA = YES;
				CLANG_WARN_CONSTANT_CONVERSION = YES;
				CLANG_WARN_DEPRECATED_OBJC_IMPLEMENTATIONS = YES;
				CLANG_WARN_DIRECT_OBJC_ISA_USAGE = YES_ERROR;
				CLANG_WARN_DOCUMENTATION_COMMENTS = YES;
				CLANG_WARN_EMPTY_BODY = YES;
				CLANG_WARN_ENUM_CONVERSION = YES;
				CLANG_WARN_INFINITE_RECURSION = YES;
				CLANG_WARN_INT_CONVERSION = YES;
				CLANG_WARN_NON_LITERAL_NULL_CONVERSION = YES;
				CLANG_WARN_OBJC_IMPLICIT_RETAIN_SELF = YES;
				CLANG_WARN_OBJC_LITERAL_CONVERSION = YES;
				CLANG_WARN_OBJC_ROOT_CLASS = YES_ERROR;
				CLANG_WARN_RANGE_LOOP_ANALYSIS = YES;
				CLANG_WARN_STRICT_PROTOTYPES = YES;
				CLANG_WARN_SUSPICIOUS_MOVE = YES;
				CLANG_WARN_UNGUARDED_AVAILABILITY = YES_AGGRESSIVE;
				CLANG_WARN_UNREACHABLE_CODE = YES;
				CLANG_WARN__DUPLICATE_METHOD_MATCH = YES;
				COPY_PHASE_STRIP = NO;
				DEBUG_INFORMATION_FORMAT = "dwarf-with-dsym";
				ENABLE_NS_ASSERTIONS = NO;
				ENABLE_STRICT_OBJC_MSGSEND = YES;
				GCC_C_LANGUAGE_STANDARD = gnu11;
				GCC_NO_COMMON_BLOCKS = YES;
				GCC_WARN_64_TO_32_BIT_CONVERSION = YES;
				GCC_WARN_ABOUT_RETURN_TYPE = YES_ERROR;
				GCC_WARN_UNDECLARED_SELECTOR = YES;
				GCC_WARN_UNINITIALIZED_AUTOS = YES_AGGRESSIVE;
				GCC_WARN_UNUSED_FUNCTION = YES;
				GCC_WARN_UNUSED_VARIABLE = YES;
				IPHONEOS_DEPLOYMENT_TARGET = 13.4;
				MTL_ENABLE_DEBUG_INFO = NO;
				MTL_FAST_MATH = YES;
				SDKROOT = iphoneos;
				VALIDATE_PRODUCT = YES;
			};
			name = Release;
		};
		E518134024336E0800D021C6 /* Debug */ = {
			isa = XCBuildConfiguration;
			buildSettings = {
				ASSETCATALOG_COMPILER_APPICON_NAME = AppIcon;
				CODE_SIGN_STYLE = Automatic;
				DEVELOPMENT_TEAM = 3N43APWRRP;
				INFOPLIST_FILE = "GLSL索引绘制/Info.plist";
				LD_RUNPATH_SEARCH_PATHS = (
					"$(inherited)",
					"@executable_path/Frameworks",
				);
				PRODUCT_BUNDLE_IDENTIFIER = "com.CC.GLSL----";
				PRODUCT_NAME = "$(TARGET_NAME)";
				TARGETED_DEVICE_FAMILY = "1,2";
			};
			name = Debug;
		};
		E518134124336E0800D021C6 /* Release */ = {
			isa = XCBuildConfiguration;
			buildSettings = {
				ASSETCATALOG_COMPILER_APPICON_NAME = AppIcon;
				CODE_SIGN_STYLE = Automatic;
				DEVELOPMENT_TEAM = 3N43APWRRP;
				INFOPLIST_FILE = "GLSL索引绘制/Info.plist";
				LD_RUNPATH_SEARCH_PATHS = (
					"$(inherited)",
					"@executable_path/Frameworks",
				);
				PRODUCT_BUNDLE_IDENTIFIER = "com.CC.GLSL----";
				PRODUCT_NAME = "$(TARGET_NAME)";
				TARGETED_DEVICE_FAMILY = "1,2";
			};
			name = Release;
		};
/* End XCBuildConfiguration section */

/* Begin XCConfigurationList section */
		E518132124336E0300D021C6 /* Build configuration list for PBXProject "GLSL索引绘制" */ = {
			isa = XCConfigurationList;
			buildConfigurations = (
				E518133D24336E0800D021C6 /* Debug */,
				E518133E24336E0800D021C6 /* Release */,
			);
			defaultConfigurationIsVisible = 0;
			defaultConfigurationName = Release;
		};
		E518133F24336E0800D021C6 /* Build configuration list for PBXNativeTarget "GLSL索引绘制" */ = {
			isa = XCConfigurationList;
			buildConfigurations = (
				E518134024336E0800D021C6 /* Debug */,
				E518134124336E0800D021C6 /* Release */,
			);
			defaultConfigurationIsVisible = 0;
			defaultConfigurationName = Release;
		};
/* End XCConfigurationList section */
	};
	rootObject = E518131E24336E0300D021C6 /* Project object */;
}
