// !$*UTF8*$!
{
	archiveVersion = 1;
	classes = {
	};
	objectVersion = 50;
	objects = {

/* Begin PBXBuildFile section */
		E51813A9243D9FA500D021C6 /* AppDelegate.m in Sources */ = {isa = PBXBuildFile; fileRef = E51813A8243D9FA500D021C6 /* AppDelegate.m */; };
		E51813AC243D9FA500D021C6 /* SceneDelegate.m in Sources */ = {isa = PBXBuildFile; fileRef = E51813AB243D9FA500D021C6 /* SceneDelegate.m */; };
		E51813AF243D9FA500D021C6 /* ViewController.m in Sources */ = {isa = PBXBuildFile; fileRef = E51813AE243D9FA500D021C6 /* ViewController.m */; };
		E51813B2243D9FA500D021C6 /* Main.storyboard in Resources */ = {isa = PBXBuildFile; fileRef = E51813B0243D9FA500D021C6 /* Main.storyboard */; };
		E51813B4243D9FA900D021C6 /* Assets.xcassets in Resources */ = {isa = PBXBuildFile; fileRef = E51813B3243D9FA900D021C6 /* Assets.xcassets */; };
		E51813B7243D9FA900D021C6 /* LaunchScreen.storyboard in Resources */ = {isa = PBXBuildFile; fileRef = E51813B5243D9FA900D021C6 /* LaunchScreen.storyboard */; };
		E51813BA243D9FA900D021C6 /* main.m in Sources */ = {isa = PBXBuildFile; fileRef = E51813B9243D9FA900D021C6 /* main.m */; };
		E51813C1243DA59800D021C6 /* kkk.png in Resources */ = {isa = PBXBuildFile; fileRef = E51813C0243DA59800D021C6 /* kkk.png */; };
/* End PBXBuildFile section */

/* Begin PBXFileReference section */
		E51813A4243D9FA500D021C6 /* GLKit.app */ = {isa = PBXFileReference; explicitFileType = wrapper.application; includeInIndex = 0; path = GLKit.app; sourceTree = BUILT_PRODUCTS_DIR; };
		E51813A7243D9FA500D021C6 /* AppDelegate.h */ = {isa = PBXFileReference; lastKnownFileType = sourcecode.c.h; path = AppDelegate.h; sourceTree = "<group>"; };
		E51813A8243D9FA500D021C6 /* AppDelegate.m */ = {isa = PBXFileReference; lastKnownFileType = sourcecode.c.objc; path = AppDelegate.m; sourceTree = "<group>"; };
		E51813AA243D9FA500D021C6 /* SceneDelegate.h */ = {isa = PBXFileReference; lastKnownFileType = sourcecode.c.h; path = SceneDelegate.h; sourceTree = "<group>"; };
		E51813AB243D9FA500D021C6 /* SceneDelegate.m */ = {isa = PBXFileReference; lastKnownFileType = sourcecode.c.objc; path = SceneDelegate.m; sourceTree = "<group>"; };
		E51813AD243D9FA500D021C6 /* ViewController.h */ = {isa = PBXFileReference; lastKnownFileType = sourcecode.c.h; path = ViewController.h; sourceTree = "<group>"; };
		E51813AE243D9FA500D021C6 /* ViewController.m */ = {isa = PBXFileReference; lastKnownFileType = sourcecode.c.objc; path = ViewController.m; sourceTree = "<group>"; };
		E51813B1243D9FA500D021C6 /* Base */ = {isa = PBXFileReference; lastKnownFileType = file.storyboard; name = Base; path = Base.lproj/Main.storyboard; sourceTree = "<group>"; };
		E51813B3243D9FA900D021C6 /* Assets.xcassets */ = {isa = PBXFileReference; lastKnownFileType = folder.assetcatalog; path = Assets.xcassets; sourceTree = "<group>"; };
		E51813B6243D9FA900D021C6 /* Base */ = {isa = PBXFileReference; lastKnownFileType = file.storyboard; name = Base; path = Base.lproj/LaunchScreen.storyboard; sourceTree = "<group>"; };
		E51813B8243D9FA900D021C6 /* Info.plist */ = {isa = PBXFileReference; lastKnownFileType = text.plist.xml; path = Info.plist; sourceTree = "<group>"; };
		E51813B9243D9FA900D021C6 /* main.m */ = {isa = PBXFileReference; lastKnownFileType = sourcecode.c.objc; path = main.m; sourceTree = "<group>"; };
		E51813C0243DA59800D021C6 /* kkk.png */ = {isa = PBXFileReference; lastKnownFileType = image.png; path = kkk.png; sourceTree = "<group>"; };
/* End PBXFileReference section */

/* Begin PBXFrameworksBuildPhase section */
		E51813A1243D9FA500D021C6 /* Frameworks */ = {
			isa = PBXFrameworksBuildPhase;
			buildActionMask = 2147483647;
			files = (
			);
			runOnlyForDeploymentPostprocessing = 0;
		};
/* End PBXFrameworksBuildPhase section */

/* Begin PBXGroup section */
		E518139B243D9FA500D021C6 = {
			isa = PBXGroup;
			children = (
				E51813A6243D9FA500D021C6 /* GLKit */,
				E51813A5243D9FA500D021C6 /* Products */,
			);
			sourceTree = "<group>";
		};
		E51813A5243D9FA500D021C6 /* Products */ = {
			isa = PBXGroup;
			children = (
				E51813A4243D9FA500D021C6 /* GLKit.app */,
			);
			name = Products;
			sourceTree = "<group>";
		};
		E51813A6243D9FA500D021C6 /* GLKit */ = {
			isa = PBXGroup;
			children = (
				E51813A7243D9FA500D021C6 /* AppDelegate.h */,
				E51813A8243D9FA500D021C6 /* AppDelegate.m */,
				E51813AA243D9FA500D021C6 /* SceneDelegate.h */,
				E51813AB243D9FA500D021C6 /* SceneDelegate.m */,
				E51813AD243D9FA500D021C6 /* ViewController.h */,
				E51813AE243D9FA500D021C6 /* ViewController.m */,
				E51813C0243DA59800D021C6 /* kkk.png */,
				E51813B0243D9FA500D021C6 /* Main.storyboard */,
				E51813B3243D9FA900D021C6 /* Assets.xcassets */,
				E51813B5243D9FA900D021C6 /* LaunchScreen.storyboard */,
				E51813B8243D9FA900D021C6 /* Info.plist */,
				E51813B9243D9FA900D021C6 /* main.m */,
			);
			path = GLKit;
			sourceTree = "<group>";
		};
/* End PBXGroup section */

/* Begin PBXNativeTarget section */
		E51813A3243D9FA500D021C6 /* GLKit */ = {
			isa = PBXNativeTarget;
			buildConfigurationList = E51813BD243D9FA900D021C6 /* Build configuration list for PBXNativeTarget "GLKit" */;
			buildPhases = (
				E51813A0243D9FA500D021C6 /* Sources */,
				E51813A1243D9FA500D021C6 /* Frameworks */,
				E51813A2243D9FA500D021C6 /* Resources */,
			);
			buildRules = (
			);
			dependencies = (
			);
			name = GLKit;
			productName = GLKit;
			productReference = E51813A4243D9FA500D021C6 /* GLKit.app */;
			productType = "com.apple.product-type.application";
		};
/* End PBXNativeTarget section */

/* Begin PBXProject section */
		E518139C243D9FA500D021C6 /* Project object */ = {
			isa = PBXProject;
			attributes = {
				LastUpgradeCheck = 1140;
				ORGANIZATIONNAME = Misaka;
				TargetAttributes = {
					E51813A3243D9FA500D021C6 = {
						CreatedOnToolsVersion = 11.4;
					};
				};
			};
			buildConfigurationList = E518139F243D9FA500D021C6 /* Build configuration list for PBXProject "GLKit" */;
			compatibilityVersion = "Xcode 9.3";
			developmentRegion = en;
			hasScannedForEncodings = 0;
			knownRegions = (
				en,
				Base,
			);
			mainGroup = E518139B243D9FA500D021C6;
			productRefGroup = E51813A5243D9FA500D021C6 /* Products */;
			projectDirPath = "";
			projectRoot = "";
			targets = (
				E51813A3243D9FA500D021C6 /* GLKit */,
			);
		};
/* End PBXProject section */

/* Begin PBXResourcesBuildPhase section */
		E51813A2243D9FA500D021C6 /* Resources */ = {
			isa = PBXResourcesBuildPhase;
			buildActionMask = 2147483647;
			files = (
				E51813B7243D9FA900D021C6 /* LaunchScreen.storyboard in Resources */,
				E51813B4243D9FA900D021C6 /* Assets.xcassets in Resources */,
				E51813B2243D9FA500D021C6 /* Main.storyboard in Resources */,
				E51813C1243DA59800D021C6 /* kkk.png in Resources */,
			);
			runOnlyForDeploymentPostprocessing = 0;
		};
/* End PBXResourcesBuildPhase section */

/* Begin PBXSourcesBuildPhase section */
		E51813A0243D9FA500D021C6 /* Sources */ = {
			isa = PBXSourcesBuildPhase;
			buildActionMask = 2147483647;
			files = (
				E51813AF243D9FA500D021C6 /* ViewController.m in Sources */,
				E51813A9243D9FA500D021C6 /* AppDelegate.m in Sources */,
				E51813BA243D9FA900D021C6 /* main.m in Sources */,
				E51813AC243D9FA500D021C6 /* SceneDelegate.m in Sources */,
			);
			runOnlyForDeploymentPostprocessing = 0;
		};
/* End PBXSourcesBuildPhase section */

/* Begin PBXVariantGroup section */
		E51813B0243D9FA500D021C6 /* Main.storyboard */ = {
			isa = PBXVariantGroup;
			children = (
				E51813B1243D9FA500D021C6 /* Base */,
			);
			name = Main.storyboard;
			sourceTree = "<group>";
		};
		E51813B5243D9FA900D021C6 /* LaunchScreen.storyboard */ = {
			isa = PBXVariantGroup;
			children = (
				E51813B6243D9FA900D021C6 /* Base */,
			);
			name = LaunchScreen.storyboard;
			sourceTree = "<group>";
		};
/* End PBXVariantGroup section */

/* Begin XCBuildConfiguration section */
		E51813BB243D9FA900D021C6 /* Debug */ = {
			isa = XCBuildConfiguration;
			buildSettings = {
				ALWAYS_SEARCH_USER_PATHS = NO;
				CLANG_ANALYZER_NONNULL = YES;
				CLANG_ANALYZER_NUMBER_OBJECT_CONVERSION = YES_AGGRESSIVE;
				CLANG_CXX_LANGUAGE_STANDARD = "gnu++14";
				CLANG_CXX_LIBRARY = "libc++";
				CLANG_ENABLE_MODULES = YES;
				CLANG_ENABLE_OBJC_ARC = YES;
				CLANG_ENABLE_OBJC_WEAK = YES;
				CLANG_WARN_BLOCK_CAPTURE_AUTORELEASING = YES;
				CLANG_WARN_BOOL_CONVERSION = YES;
				CLANG_WARN_COMMA = YES;
				CLANG_WARN_CONSTANT_CONVERSION = YES;
				CLANG_WARN_DEPRECATED_OBJC_IMPLEMENTATIONS = YES;
				CLANG_WARN_DIRECT_OBJC_ISA_USAGE = YES_ERROR;
				CLANG_WARN_DOCUMENTATION_COMMENTS = YES;
				CLANG_WARN_EMPTY_BODY = YES;
				CLANG_WARN_ENUM_CONVERSION = YES;
				CLANG_WARN_INFINITE_RECURSION = YES;
				CLANG_WARN_INT_CONVERSION = YES;
				CLANG_WARN_NON_LITERAL_NULL_CONVERSION = YES;
				CLANG_WARN_OBJC_IMPLICIT_RETAIN_SELF = YES;
				CLANG_WARN_OBJC_LITERAL_CONVERSION = YES;
				CLANG_WARN_OBJC_ROOT_CLASS = YES_ERROR;
				CLANG_WARN_RANGE_LOOP_ANALYSIS = YES;
				CLANG_WARN_STRICT_PROTOTYPES = YES;
				CLANG_WARN_SUSPICIOUS_MOVE = YES;
				CLANG_WARN_UNGUARDED_AVAILABILITY = YES_AGGRESSIVE;
				CLANG_WARN_UNREACHABLE_CODE = YES;
				CLANG_WARN__DUPLICATE_METHOD_MATCH = YES;
				COPY_PHASE_STRIP = NO;
				DEBUG_INFORMATION_FORMAT = dwarf;
				ENABLE_STRICT_OBJC_MSGSEND = YES;
				ENABLE_TESTABILITY = YES;
				GCC_C_LANGUAGE_STANDARD = gnu11;
				GCC_DYNAMIC_NO_PIC = NO;
				GCC_NO_COMMON_BLOCKS = YES;
				GCC_OPTIMIZATION_LEVEL = 0;
				GCC_PREPROCESSOR_DEFINITIONS = (
					"DEBUG=1",
					"$(inherited)",
				);
				GCC_WARN_64_TO_32_BIT_CONVERSION = YES;
				GCC_WARN_ABOUT_RETURN_TYPE = YES_ERROR;
				GCC_WARN_UNDECLARED_SELECTOR = YES;
				GCC_WARN_UNINITIALIZED_AUTOS = YES_AGGRESSIVE;
				GCC_WARN_UNUSED_FUNCTION = YES;
				GCC_WARN_UNUSED_VARIABLE = YES;
				IPHONEOS_DEPLOYMENT_TARGET = 13.4;
				MTL_ENABLE_DEBUG_INFO = INCLUDE_SOURCE;
				MTL_FAST_MATH = YES;
				ONLY_ACTIVE_ARCH = YES;
				SDKROOT = iphoneos;
			};
			name = Debug;
		};
		E51813BC243D9FA900D021C6 /* Release */ = {
			isa = XCBuildConfiguration;
			buildSettings = {
				ALWAYS_SEARCH_USER_PATHS = NO;
				CLANG_ANALYZER_NONNULL = YES;
				CLANG_ANALYZER_NUMBER_OBJECT_CONVERSION = YES_AGGRESSIVE;
				CLANG_CXX_LANGUAGE_STANDARD = "gnu++14";
				CLANG_CXX_LIBRARY = "libc++";
				CLANG_ENABLE_MODULES = YES;
				CLANG_ENABLE_OBJC_ARC = YES;
				CLANG_ENABLE_OBJC_WEAK = YES;
				CLANG_WARN_BLOCK_CAPTURE_AUTORELEASING = YES;
				CLANG_WARN_BOOL_CONVERSION = YES;
				CLANG_WARN_COMMA = YES;
				CLANG_WARN_CONSTANT_CONVERSION = YES;
				CLANG_WARN_DEPRECATED_OBJC_IMPLEMENTATIONS = YES;
				CLANG_WARN_DIRECT_OBJC_ISA_USAGE = YES_ERROR;
				CLANG_WARN_DOCUMENTATION_COMMENTS = YES;
				CLANG_WARN_EMPTY_BODY = YES;
				CLANG_WARN_ENUM_CONVERSION = YES;
				CLANG_WARN_INFINITE_RECURSION = YES;
				CLANG_WARN_INT_CONVERSION = YES;
				CLANG_WARN_NON_LITERAL_NULL_CONVERSION = YES;
				CLANG_WARN_OBJC_IMPLICIT_RETAIN_SELF = YES;
				CLANG_WARN_OBJC_LITERAL_CONVERSION = YES;
				CLANG_WARN_OBJC_ROOT_CLASS = YES_ERROR;
				CLANG_WARN_RANGE_LOOP_ANALYSIS = YES;
				CLANG_WARN_STRICT_PROTOTYPES = YES;
				CLANG_WARN_SUSPICIOUS_MOVE = YES;
				CLANG_WARN_UNGUARDED_AVAILABILITY = YES_AGGRESSIVE;
				CLANG_WARN_UNREACHABLE_CODE = YES;
				CLANG_WARN__DUPLICATE_METHOD_MATCH = YES;
				COPY_PHASE_STRIP = NO;
				DEBUG_INFORMATION_FORMAT = "dwarf-with-dsym";
				ENABLE_NS_ASSERTIONS = NO;
				ENABLE_STRICT_OBJC_MSGSEND = YES;
				GCC_C_LANGUAGE_STANDARD = gnu11;
				GCC_NO_COMMON_BLOCKS = YES;
				GCC_WARN_64_TO_32_BIT_CONVERSION = YES;
				GCC_WARN_ABOUT_RETURN_TYPE = YES_ERROR;
				GCC_WARN_UNDECLARED_SELECTOR = YES;
				GCC_WARN_UNINITIALIZED_AUTOS = YES_AGGRESSIVE;
				GCC_WARN_UNUSED_FUNCTION = YES;
				GCC_WARN_UNUSED_VARIABLE = YES;
				IPHONEOS_DEPLOYMENT_TARGET = 13.4;
				MTL_ENABLE_DEBUG_INFO = NO;
				MTL_FAST_MATH = YES;
				SDKROOT = iphoneos;
				VALIDATE_PRODUCT = YES;
			};
			name = Release;
		};
		E51813BE243D9FA900D021C6 /* Debug */ = {
			isa = XCBuildConfiguration;
			buildSettings = {
				ASSETCATALOG_COMPILER_APPICON_NAME = AppIcon;
				CODE_SIGN_STYLE = Automatic;
				DEVELOPMENT_TEAM = 34C5TZNKTH;
				INFOPLIST_FILE = GLKit/Info.plist;
				LD_RUNPATH_SEARCH_PATHS = (
					"$(inherited)",
					"@executable_path/Frameworks",
				);
				PRODUCT_BUNDLE_IDENTIFIER = com.CC.GLKit;
				PRODUCT_NAME = "$(TARGET_NAME)";
				TARGETED_DEVICE_FAMILY = "1,2";
			};
			name = Debug;
		};
		E51813BF243D9FA900D021C6 /* Release */ = {
			isa = XCBuildConfiguration;
			buildSettings = {
				ASSETCATALOG_COMPILER_APPICON_NAME = AppIcon;
				CODE_SIGN_STYLE = Automatic;
				DEVELOPMENT_TEAM = 34C5TZNKTH;
				INFOPLIST_FILE = GLKit/Info.plist;
				LD_RUNPATH_SEARCH_PATHS = (
					"$(inherited)",
					"@executable_path/Frameworks",
				);
				PRODUCT_BUNDLE_IDENTIFIER = com.CC.GLKit;
				PRODUCT_NAME = "$(TARGET_NAME)";
				TARGETED_DEVICE_FAMILY = "1,2";
			};
			name = Release;
		};
/* End XCBuildConfiguration section */

/* Begin XCConfigurationList section */
		E518139F243D9FA500D021C6 /* Build configuration list for PBXProject "GLKit" */ = {
			isa = XCConfigurationList;
			buildConfigurations = (
				E51813BB243D9FA900D021C6 /* Debug */,
				E51813BC243D9FA900D021C6 /* Release */,
			);
			defaultConfigurationIsVisible = 0;
			defaultConfigurationName = Release;
		};
		E51813BD243D9FA900D021C6 /* Build configuration list for PBXNativeTarget "GLKit" */ = {
			isa = XCConfigurationList;
			buildConfigurations = (
				E51813BE243D9FA900D021C6 /* Debug */,
				E51813BF243D9FA900D021C6 /* Release */,
			);
			defaultConfigurationIsVisible = 0;
			defaultConfigurationName = Release;
		};
/* End XCConfigurationList section */
	};
	rootObject = E518139C243D9FA500D021C6 /* Project object */;
}
