// !$*UTF8*$!
{
	archiveVersion = 1;
	classes = {
	};
	objectVersion = 50;
	objects = {

/* Begin PBXBuildFile section */
		E5A84F27249B0C0100F4175D /* MCustomParticleShader.fsh in Resources */ = {isa = PBXBuildFile; fileRef = E5A84F26249B0C0100F4175D /* MCustomParticleShader.fsh */; };
		E5A84F29249B0C1500F4175D /* MCustomParticleShader.vsh in Resources */ = {isa = PBXBuildFile; fileRef = E5A84F28249B0C1500F4175D /* MCustomParticleShader.vsh */; };
		E5F1F1B6249A086000003748 /* AppDelegate.m in Sources */ = {isa = PBXBuildFile; fileRef = E5F1F1B5249A086000003748 /* AppDelegate.m */; };
		E5F1F1B9249A086000003748 /* SceneDelegate.m in Sources */ = {isa = PBXBuildFile; fileRef = E5F1F1B8249A086000003748 /* SceneDelegate.m */; };
		E5F1F1BC249A086000003748 /* ViewController.m in Sources */ = {isa = PBXBuildFile; fileRef = E5F1F1BB249A086000003748 /* ViewController.m */; };
		E5F1F1BF249A086000003748 /* Main.storyboard in Resources */ = {isa = PBXBuildFile; fileRef = E5F1F1BD249A086000003748 /* Main.storyboard */; };
		E5F1F1C1249A086400003748 /* Assets.xcassets in Resources */ = {isa = PBXBuildFile; fileRef = E5F1F1C0249A086400003748 /* Assets.xcassets */; };
		E5F1F1C4249A086400003748 /* LaunchScreen.storyboard in Resources */ = {isa = PBXBuildFile; fileRef = E5F1F1C2249A086400003748 /* LaunchScreen.storyboard */; };
		E5F1F1C7249A086400003748 /* main.m in Sources */ = {isa = PBXBuildFile; fileRef = E5F1F1C6249A086400003748 /* main.m */; };
		E5F1F1D3249A104E00003748 /* 02.png in Resources */ = {isa = PBXBuildFile; fileRef = E5F1F1CF249A104E00003748 /* 02.png */; };
		E5F1F1D4249A104E00003748 /* 03.png in Resources */ = {isa = PBXBuildFile; fileRef = E5F1F1D0249A104E00003748 /* 03.png */; };
		E5F1F1D5249A104E00003748 /* 01.png in Resources */ = {isa = PBXBuildFile; fileRef = E5F1F1D1249A104E00003748 /* 01.png */; };
		E5F1F1D6249A104E00003748 /* 04.png in Resources */ = {isa = PBXBuildFile; fileRef = E5F1F1D2249A104E00003748 /* 04.png */; };
		E5F1F1D9249A3BAF00003748 /* MCustomParticleManager.m in Sources */ = {isa = PBXBuildFile; fileRef = E5F1F1D8249A3BAF00003748 /* MCustomParticleManager.m */; };
/* End PBXBuildFile section */

/* Begin PBXFileReference section */
		E5A84F26249B0C0100F4175D /* MCustomParticleShader.fsh */ = {isa = PBXFileReference; lastKnownFileType = sourcecode.glsl; path = MCustomParticleShader.fsh; sourceTree = "<group>"; };
		E5A84F28249B0C1500F4175D /* MCustomParticleShader.vsh */ = {isa = PBXFileReference; lastKnownFileType = sourcecode.glsl; path = MCustomParticleShader.vsh; sourceTree = "<group>"; };
		E5F1F1B1249A086000003748 /* CustomParticle.app */ = {isa = PBXFileReference; explicitFileType = wrapper.application; includeInIndex = 0; path = CustomParticle.app; sourceTree = BUILT_PRODUCTS_DIR; };
		E5F1F1B4249A086000003748 /* AppDelegate.h */ = {isa = PBXFileReference; lastKnownFileType = sourcecode.c.h; path = AppDelegate.h; sourceTree = "<group>"; };
		E5F1F1B5249A086000003748 /* AppDelegate.m */ = {isa = PBXFileReference; lastKnownFileType = sourcecode.c.objc; path = AppDelegate.m; sourceTree = "<group>"; };
		E5F1F1B7249A086000003748 /* SceneDelegate.h */ = {isa = PBXFileReference; lastKnownFileType = sourcecode.c.h; path = SceneDelegate.h; sourceTree = "<group>"; };
		E5F1F1B8249A086000003748 /* SceneDelegate.m */ = {isa = PBXFileReference; lastKnownFileType = sourcecode.c.objc; path = SceneDelegate.m; sourceTree = "<group>"; };
		E5F1F1BA249A086000003748 /* ViewController.h */ = {isa = PBXFileReference; lastKnownFileType = sourcecode.c.h; path = ViewController.h; sourceTree = "<group>"; };
		E5F1F1BB249A086000003748 /* ViewController.m */ = {isa = PBXFileReference; lastKnownFileType = sourcecode.c.objc; path = ViewController.m; sourceTree = "<group>"; };
		E5F1F1BE249A086000003748 /* Base */ = {isa = PBXFileReference; lastKnownFileType = file.storyboard; name = Base; path = Base.lproj/Main.storyboard; sourceTree = "<group>"; };
		E5F1F1C0249A086400003748 /* Assets.xcassets */ = {isa = PBXFileReference; lastKnownFileType = folder.assetcatalog; path = Assets.xcassets; sourceTree = "<group>"; };
		E5F1F1C3249A086400003748 /* Base */ = {isa = PBXFileReference; lastKnownFileType = file.storyboard; name = Base; path = Base.lproj/LaunchScreen.storyboard; sourceTree = "<group>"; };
		E5F1F1C5249A086400003748 /* Info.plist */ = {isa = PBXFileReference; lastKnownFileType = text.plist.xml; path = Info.plist; sourceTree = "<group>"; };
		E5F1F1C6249A086400003748 /* main.m */ = {isa = PBXFileReference; lastKnownFileType = sourcecode.c.objc; path = main.m; sourceTree = "<group>"; };
		E5F1F1CF249A104E00003748 /* 02.png */ = {isa = PBXFileReference; lastKnownFileType = image.png; path = 02.png; sourceTree = "<group>"; };
		E5F1F1D0249A104E00003748 /* 03.png */ = {isa = PBXFileReference; lastKnownFileType = image.png; path = 03.png; sourceTree = "<group>"; };
		E5F1F1D1249A104E00003748 /* 01.png */ = {isa = PBXFileReference; lastKnownFileType = image.png; path = 01.png; sourceTree = "<group>"; };
		E5F1F1D2249A104E00003748 /* 04.png */ = {isa = PBXFileReference; lastKnownFileType = image.png; path = 04.png; sourceTree = "<group>"; };
		E5F1F1D7249A3BAF00003748 /* MCustomParticleManager.h */ = {isa = PBXFileReference; lastKnownFileType = sourcecode.c.h; path = MCustomParticleManager.h; sourceTree = "<group>"; };
		E5F1F1D8249A3BAF00003748 /* MCustomParticleManager.m */ = {isa = PBXFileReference; lastKnownFileType = sourcecode.c.objc; path = MCustomParticleManager.m; sourceTree = "<group>"; };
/* End PBXFileReference section */

/* Begin PBXFrameworksBuildPhase section */
		E5F1F1AE249A086000003748 /* Frameworks */ = {
			isa = PBXFrameworksBuildPhase;
			buildActionMask = 2147483647;
			files = (
			);
			runOnlyForDeploymentPostprocessing = 0;
		};
/* End PBXFrameworksBuildPhase section */

/* Begin PBXGroup section */
		E5F1F1A8249A086000003748 = {
			isa = PBXGroup;
			children = (
				E5F1F1B3249A086000003748 /* CustomParticle */,
				E5F1F1B2249A086000003748 /* Products */,
			);
			sourceTree = "<group>";
		};
		E5F1F1B2249A086000003748 /* Products */ = {
			isa = PBXGroup;
			children = (
				E5F1F1B1249A086000003748 /* CustomParticle.app */,
			);
			name = Products;
			sourceTree = "<group>";
		};
		E5F1F1B3249A086000003748 /* CustomParticle */ = {
			isa = PBXGroup;
			children = (
				E5F1F1D1249A104E00003748 /* 01.png */,
				E5F1F1CF249A104E00003748 /* 02.png */,
				E5F1F1D0249A104E00003748 /* 03.png */,
				E5F1F1D2249A104E00003748 /* 04.png */,
				E5F1F1B4249A086000003748 /* AppDelegate.h */,
				E5F1F1B5249A086000003748 /* AppDelegate.m */,
				E5F1F1B7249A086000003748 /* SceneDelegate.h */,
				E5F1F1B8249A086000003748 /* SceneDelegate.m */,
				E5F1F1BA249A086000003748 /* ViewController.h */,
				E5F1F1BB249A086000003748 /* ViewController.m */,
				E5F1F1D7249A3BAF00003748 /* MCustomParticleManager.h */,
				E5F1F1D8249A3BAF00003748 /* MCustomParticleManager.m */,
				E5A84F28249B0C1500F4175D /* MCustomParticleShader.vsh */,
				E5A84F26249B0C0100F4175D /* MCustomParticleShader.fsh */,
				E5F1F1BD249A086000003748 /* Main.storyboard */,
				E5F1F1C0249A086400003748 /* Assets.xcassets */,
				E5F1F1C2249A086400003748 /* LaunchScreen.storyboard */,
				E5F1F1C5249A086400003748 /* Info.plist */,
				E5F1F1C6249A086400003748 /* main.m */,
			);
			path = CustomParticle;
			sourceTree = "<group>";
		};
/* End PBXGroup section */

/* Begin PBXNativeTarget section */
		E5F1F1B0249A086000003748 /* CustomParticle */ = {
			isa = PBXNativeTarget;
			buildConfigurationList = E5F1F1CA249A086400003748 /* Build configuration list for PBXNativeTarget "CustomParticle" */;
			buildPhases = (
				E5F1F1AD249A086000003748 /* Sources */,
				E5F1F1AE249A086000003748 /* Frameworks */,
				E5F1F1AF249A086000003748 /* Resources */,
			);
			buildRules = (
			);
			dependencies = (
			);
			name = CustomParticle;
			productName = CustomParticle;
			productReference = E5F1F1B1249A086000003748 /* CustomParticle.app */;
			productType = "com.apple.product-type.application";
		};
/* End PBXNativeTarget section */

/* Begin PBXProject section */
		E5F1F1A9249A086000003748 /* Project object */ = {
			isa = PBXProject;
			attributes = {
				LastUpgradeCheck = 1150;
				ORGANIZATIONNAME = Misaka;
				TargetAttributes = {
					E5F1F1B0249A086000003748 = {
						CreatedOnToolsVersion = 11.5;
					};
				};
			};
			buildConfigurationList = E5F1F1AC249A086000003748 /* Build configuration list for PBXProject "CustomParticle" */;
			compatibilityVersion = "Xcode 9.3";
			developmentRegion = en;
			hasScannedForEncodings = 0;
			knownRegions = (
				en,
				Base,
			);
			mainGroup = E5F1F1A8249A086000003748;
			productRefGroup = E5F1F1B2249A086000003748 /* Products */;
			projectDirPath = "";
			projectRoot = "";
			targets = (
				E5F1F1B0249A086000003748 /* CustomParticle */,
			);
		};
/* End PBXProject section */

/* Begin PBXResourcesBuildPhase section */
		E5F1F1AF249A086000003748 /* Resources */ = {
			isa = PBXResourcesBuildPhase;
			buildActionMask = 2147483647;
			files = (
				E5F1F1D5249A104E00003748 /* 01.png in Resources */,
				E5F1F1D4249A104E00003748 /* 03.png in Resources */,
				E5F1F1C4249A086400003748 /* LaunchScreen.storyboard in Resources */,
				E5A84F27249B0C0100F4175D /* MCustomParticleShader.fsh in Resources */,
				E5F1F1C1249A086400003748 /* Assets.xcassets in Resources */,
				E5F1F1D6249A104E00003748 /* 04.png in Resources */,
				E5A84F29249B0C1500F4175D /* MCustomParticleShader.vsh in Resources */,
				E5F1F1BF249A086000003748 /* Main.storyboard in Resources */,
				E5F1F1D3249A104E00003748 /* 02.png in Resources */,
			);
			runOnlyForDeploymentPostprocessing = 0;
		};
/* End PBXResourcesBuildPhase section */

/* Begin PBXSourcesBuildPhase section */
		E5F1F1AD249A086000003748 /* Sources */ = {
			isa = PBXSourcesBuildPhase;
			buildActionMask = 2147483647;
			files = (
				E5F1F1BC249A086000003748 /* ViewController.m in Sources */,
				E5F1F1B6249A086000003748 /* AppDelegate.m in Sources */,
				E5F1F1C7249A086400003748 /* main.m in Sources */,
				E5F1F1B9249A086000003748 /* SceneDelegate.m in Sources */,
				E5F1F1D9249A3BAF00003748 /* MCustomParticleManager.m in Sources */,
			);
			runOnlyForDeploymentPostprocessing = 0;
		};
/* End PBXSourcesBuildPhase section */

/* Begin PBXVariantGroup section */
		E5F1F1BD249A086000003748 /* Main.storyboard */ = {
			isa = PBXVariantGroup;
			children = (
				E5F1F1BE249A086000003748 /* Base */,
			);
			name = Main.storyboard;
			sourceTree = "<group>";
		};
		E5F1F1C2249A086400003748 /* LaunchScreen.storyboard */ = {
			isa = PBXVariantGroup;
			children = (
				E5F1F1C3249A086400003748 /* Base */,
			);
			name = LaunchScreen.storyboard;
			sourceTree = "<group>";
		};
/* End PBXVariantGroup section */

/* Begin XCBuildConfiguration section */
		E5F1F1C8249A086400003748 /* Debug */ = {
			isa = XCBuildConfiguration;
			buildSettings = {
				ALWAYS_SEARCH_USER_PATHS = NO;
				CLANG_ANALYZER_NONNULL = YES;
				CLANG_ANALYZER_NUMBER_OBJECT_CONVERSION = YES_AGGRESSIVE;
				CLANG_CXX_LANGUAGE_STANDARD = "gnu++14";
				CLANG_CXX_LIBRARY = "libc++";
				CLANG_ENABLE_MODULES = YES;
				CLANG_ENABLE_OBJC_ARC = YES;
				CLANG_ENABLE_OBJC_WEAK = YES;
				CLANG_WARN_BLOCK_CAPTURE_AUTORELEASING = YES;
				CLANG_WARN_BOOL_CONVERSION = YES;
				CLANG_WARN_COMMA = YES;
				CLANG_WARN_CONSTANT_CONVERSION = YES;
				CLANG_WARN_DEPRECATED_OBJC_IMPLEMENTATIONS = YES;
				CLANG_WARN_DIRECT_OBJC_ISA_USAGE = YES_ERROR;
				CLANG_WARN_DOCUMENTATION_COMMENTS = YES;
				CLANG_WARN_EMPTY_BODY = YES;
				CLANG_WARN_ENUM_CONVERSION = YES;
				CLANG_WARN_INFINITE_RECURSION = YES;
				CLANG_WARN_INT_CONVERSION = YES;
				CLANG_WARN_NON_LITERAL_NULL_CONVERSION = YES;
				CLANG_WARN_OBJC_IMPLICIT_RETAIN_SELF = YES;
				CLANG_WARN_OBJC_LITERAL_CONVERSION = YES;
				CLANG_WARN_OBJC_ROOT_CLASS = YES_ERROR;
				CLANG_WARN_RANGE_LOOP_ANALYSIS = YES;
				CLANG_WARN_STRICT_PROTOTYPES = YES;
				CLANG_WARN_SUSPICIOUS_MOVE = YES;
				CLANG_WARN_UNGUARDED_AVAILABILITY = YES_AGGRESSIVE;
				CLANG_WARN_UNREACHABLE_CODE = YES;
				CLANG_WARN__DUPLICATE_METHOD_MATCH = YES;
				COPY_PHASE_STRIP = NO;
				DEBUG_INFORMATION_FORMAT = dwarf;
				ENABLE_STRICT_OBJC_MSGSEND = YES;
				ENABLE_TESTABILITY = YES;
				GCC_C_LANGUAGE_STANDARD = gnu11;
				GCC_DYNAMIC_NO_PIC = NO;
				GCC_NO_COMMON_BLOCKS = YES;
				GCC_OPTIMIZATION_LEVEL = 0;
				GCC_PREPROCESSOR_DEFINITIONS = (
					"DEBUG=1",
					"$(inherited)",
				);
				GCC_WARN_64_TO_32_BIT_CONVERSION = YES;
				GCC_WARN_ABOUT_RETURN_TYPE = YES_ERROR;
				GCC_WARN_UNDECLARED_SELECTOR = YES;
				GCC_WARN_UNINITIALIZED_AUTOS = YES_AGGRESSIVE;
				GCC_WARN_UNUSED_FUNCTION = YES;
				GCC_WARN_UNUSED_VARIABLE = YES;
				IPHONEOS_DEPLOYMENT_TARGET = 13.5;
				MTL_ENABLE_DEBUG_INFO = INCLUDE_SOURCE;
				MTL_FAST_MATH = YES;
				ONLY_ACTIVE_ARCH = YES;
				SDKROOT = iphoneos;
			};
			name = Debug;
		};
		E5F1F1C9249A086400003748 /* Release */ = {
			isa = XCBuildConfiguration;
			buildSettings = {
				ALWAYS_SEARCH_USER_PATHS = NO;
				CLANG_ANALYZER_NONNULL = YES;
				CLANG_ANALYZER_NUMBER_OBJECT_CONVERSION = YES_AGGRESSIVE;
				CLANG_CXX_LANGUAGE_STANDARD = "gnu++14";
				CLANG_CXX_LIBRARY = "libc++";
				CLANG_ENABLE_MODULES = YES;
				CLANG_ENABLE_OBJC_ARC = YES;
				CLANG_ENABLE_OBJC_WEAK = YES;
				CLANG_WARN_BLOCK_CAPTURE_AUTORELEASING = YES;
				CLANG_WARN_BOOL_CONVERSION = YES;
				CLANG_WARN_COMMA = YES;
				CLANG_WARN_CONSTANT_CONVERSION = YES;
				CLANG_WARN_DEPRECATED_OBJC_IMPLEMENTATIONS = YES;
				CLANG_WARN_DIRECT_OBJC_ISA_USAGE = YES_ERROR;
				CLANG_WARN_DOCUMENTATION_COMMENTS = YES;
				CLANG_WARN_EMPTY_BODY = YES;
				CLANG_WARN_ENUM_CONVERSION = YES;
				CLANG_WARN_INFINITE_RECURSION = YES;
				CLANG_WARN_INT_CONVERSION = YES;
				CLANG_WARN_NON_LITERAL_NULL_CONVERSION = YES;
				CLANG_WARN_OBJC_IMPLICIT_RETAIN_SELF = YES;
				CLANG_WARN_OBJC_LITERAL_CONVERSION = YES;
				CLANG_WARN_OBJC_ROOT_CLASS = YES_ERROR;
				CLANG_WARN_RANGE_LOOP_ANALYSIS = YES;
				CLANG_WARN_STRICT_PROTOTYPES = YES;
				CLANG_WARN_SUSPICIOUS_MOVE = YES;
				CLANG_WARN_UNGUARDED_AVAILABILITY = YES_AGGRESSIVE;
				CLANG_WARN_UNREACHABLE_CODE = YES;
				CLANG_WARN__DUPLICATE_METHOD_MATCH = YES;
				COPY_PHASE_STRIP = NO;
				DEBUG_INFORMATION_FORMAT = "dwarf-with-dsym";
				ENABLE_NS_ASSERTIONS = NO;
				ENABLE_STRICT_OBJC_MSGSEND = YES;
				GCC_C_LANGUAGE_STANDARD = gnu11;
				GCC_NO_COMMON_BLOCKS = YES;
				GCC_WARN_64_TO_32_BIT_CONVERSION = YES;
				GCC_WARN_ABOUT_RETURN_TYPE = YES_ERROR;
				GCC_WARN_UNDECLARED_SELECTOR = YES;
				GCC_WARN_UNINITIALIZED_AUTOS = YES_AGGRESSIVE;
				GCC_WARN_UNUSED_FUNCTION = YES;
				GCC_WARN_UNUSED_VARIABLE = YES;
				IPHONEOS_DEPLOYMENT_TARGET = 13.5;
				MTL_ENABLE_DEBUG_INFO = NO;
				MTL_FAST_MATH = YES;
				SDKROOT = iphoneos;
				VALIDATE_PRODUCT = YES;
			};
			name = Release;
		};
		E5F1F1CB249A086400003748 /* Debug */ = {
			isa = XCBuildConfiguration;
			buildSettings = {
				ASSETCATALOG_COMPILER_APPICON_NAME = AppIcon;
				CODE_SIGN_STYLE = Automatic;
				DEVELOPMENT_TEAM = 3N43APWRRP;
				INFOPLIST_FILE = CustomParticle/Info.plist;
				LD_RUNPATH_SEARCH_PATHS = (
					"$(inherited)",
					"@executable_path/Frameworks",
				);
				PRODUCT_BUNDLE_IDENTIFIER = com.CC.CustomParticle;
				PRODUCT_NAME = "$(TARGET_NAME)";
				TARGETED_DEVICE_FAMILY = "1,2";
			};
			name = Debug;
		};
		E5F1F1CC249A086400003748 /* Release */ = {
			isa = XCBuildConfiguration;
			buildSettings = {
				ASSETCATALOG_COMPILER_APPICON_NAME = AppIcon;
				CODE_SIGN_STYLE = Automatic;
				DEVELOPMENT_TEAM = 3N43APWRRP;
				INFOPLIST_FILE = CustomParticle/Info.plist;
				LD_RUNPATH_SEARCH_PATHS = (
					"$(inherited)",
					"@executable_path/Frameworks",
				);
				PRODUCT_BUNDLE_IDENTIFIER = com.CC.CustomParticle;
				PRODUCT_NAME = "$(TARGET_NAME)";
				TARGETED_DEVICE_FAMILY = "1,2";
			};
			name = Release;
		};
/* End XCBuildConfiguration section */

/* Begin XCConfigurationList section */
		E5F1F1AC249A086000003748 /* Build configuration list for PBXProject "CustomParticle" */ = {
			isa = XCConfigurationList;
			buildConfigurations = (
				E5F1F1C8249A086400003748 /* Debug */,
				E5F1F1C9249A086400003748 /* Release */,
			);
			defaultConfigurationIsVisible = 0;
			defaultConfigurationName = Release;
		};
		E5F1F1CA249A086400003748 /* Build configuration list for PBXNativeTarget "CustomParticle" */ = {
			isa = XCConfigurationList;
			buildConfigurations = (
				E5F1F1CB249A086400003748 /* Debug */,
				E5F1F1CC249A086400003748 /* Release */,
			);
			defaultConfigurationIsVisible = 0;
			defaultConfigurationName = Release;
		};
/* End XCConfigurationList section */
	};
	rootObject = E5F1F1A9249A086000003748 /* Project object */;
}
