// !$*UTF8*$!
{
	archiveVersion = 1;
	classes = {
	};
	objectVersion = 50;
	objects = {

/* Begin PBXBuildFile section */
		E5E3DBF923C9A8CD002517FF /* AppDelegate.m in Sources */ = {isa = PBXBuildFile; fileRef = E5E3DBF823C9A8CD002517FF /* AppDelegate.m */; };
		E5E3DBFC23C9A8CD002517FF /* SceneDelegate.m in Sources */ = {isa = PBXBuildFile; fileRef = E5E3DBFB23C9A8CD002517FF /* SceneDelegate.m */; };
		E5E3DBFF23C9A8CD002517FF /* ViewController.m in Sources */ = {isa = PBXBuildFile; fileRef = E5E3DBFE23C9A8CD002517FF /* ViewController.m */; };
		E5E3DC0223C9A8CD002517FF /* Main.storyboard in Resources */ = {isa = PBXBuildFile; fileRef = E5E3DC0023C9A8CD002517FF /* Main.storyboard */; };
		E5E3DC0423C9A8D2002517FF /* Assets.xcassets in Resources */ = {isa = PBXBuildFile; fileRef = E5E3DC0323C9A8D2002517FF /* Assets.xcassets */; };
		E5E3DC0723C9A8D2002517FF /* LaunchScreen.storyboard in Resources */ = {isa = PBXBuildFile; fileRef = E5E3DC0523C9A8D2002517FF /* LaunchScreen.storyboard */; };
		E5E3DC0A23C9A8D2002517FF /* main.m in Sources */ = {isa = PBXBuildFile; fileRef = E5E3DC0923C9A8D2002517FF /* main.m */; };
		E5E3DC1123C9A9C2002517FF /* kkk.png in Resources */ = {isa = PBXBuildFile; fileRef = E5E3DC1023C9A9C2002517FF /* kkk.png */; };
/* End PBXBuildFile section */

/* Begin PBXFileReference section */
		E5E3DBF423C9A8CD002517FF /* 旋转正方体.app */ = {isa = PBXFileReference; explicitFileType = wrapper.application; includeInIndex = 0; path = "旋转正方体.app"; sourceTree = BUILT_PRODUCTS_DIR; };
		E5E3DBF723C9A8CD002517FF /* AppDelegate.h */ = {isa = PBXFileReference; lastKnownFileType = sourcecode.c.h; path = AppDelegate.h; sourceTree = "<group>"; };
		E5E3DBF823C9A8CD002517FF /* AppDelegate.m */ = {isa = PBXFileReference; lastKnownFileType = sourcecode.c.objc; path = AppDelegate.m; sourceTree = "<group>"; };
		E5E3DBFA23C9A8CD002517FF /* SceneDelegate.h */ = {isa = PBXFileReference; lastKnownFileType = sourcecode.c.h; path = SceneDelegate.h; sourceTree = "<group>"; };
		E5E3DBFB23C9A8CD002517FF /* SceneDelegate.m */ = {isa = PBXFileReference; lastKnownFileType = sourcecode.c.objc; path = SceneDelegate.m; sourceTree = "<group>"; };
		E5E3DBFD23C9A8CD002517FF /* ViewController.h */ = {isa = PBXFileReference; lastKnownFileType = sourcecode.c.h; path = ViewController.h; sourceTree = "<group>"; };
		E5E3DBFE23C9A8CD002517FF /* ViewController.m */ = {isa = PBXFileReference; lastKnownFileType = sourcecode.c.objc; path = ViewController.m; sourceTree = "<group>"; };
		E5E3DC0123C9A8CD002517FF /* Base */ = {isa = PBXFileReference; lastKnownFileType = file.storyboard; name = Base; path = Base.lproj/Main.storyboard; sourceTree = "<group>"; };
		E5E3DC0323C9A8D2002517FF /* Assets.xcassets */ = {isa = PBXFileReference; lastKnownFileType = folder.assetcatalog; path = Assets.xcassets; sourceTree = "<group>"; };
		E5E3DC0623C9A8D2002517FF /* Base */ = {isa = PBXFileReference; lastKnownFileType = file.storyboard; name = Base; path = Base.lproj/LaunchScreen.storyboard; sourceTree = "<group>"; };
		E5E3DC0823C9A8D2002517FF /* Info.plist */ = {isa = PBXFileReference; lastKnownFileType = text.plist.xml; path = Info.plist; sourceTree = "<group>"; };
		E5E3DC0923C9A8D2002517FF /* main.m */ = {isa = PBXFileReference; lastKnownFileType = sourcecode.c.objc; path = main.m; sourceTree = "<group>"; };
		E5E3DC1023C9A9C2002517FF /* kkk.png */ = {isa = PBXFileReference; lastKnownFileType = image.png; path = kkk.png; sourceTree = "<group>"; };
/* End PBXFileReference section */

/* Begin PBXFrameworksBuildPhase section */
		E5E3DBF123C9A8CD002517FF /* Frameworks */ = {
			isa = PBXFrameworksBuildPhase;
			buildActionMask = 2147483647;
			files = (
			);
			runOnlyForDeploymentPostprocessing = 0;
		};
/* End PBXFrameworksBuildPhase section */

/* Begin PBXGroup section */
		E5E3DBEB23C9A8CD002517FF = {
			isa = PBXGroup;
			children = (
				E5E3DBF623C9A8CD002517FF /* 旋转正方体 */,
				E5E3DBF523C9A8CD002517FF /* Products */,
			);
			sourceTree = "<group>";
		};
		E5E3DBF523C9A8CD002517FF /* Products */ = {
			isa = PBXGroup;
			children = (
				E5E3DBF423C9A8CD002517FF /* 旋转正方体.app */,
			);
			name = Products;
			sourceTree = "<group>";
		};
		E5E3DBF623C9A8CD002517FF /* 旋转正方体 */ = {
			isa = PBXGroup;
			children = (
				E5E3DBF723C9A8CD002517FF /* AppDelegate.h */,
				E5E3DBF823C9A8CD002517FF /* AppDelegate.m */,
				E5E3DBFA23C9A8CD002517FF /* SceneDelegate.h */,
				E5E3DBFB23C9A8CD002517FF /* SceneDelegate.m */,
				E5E3DBFD23C9A8CD002517FF /* ViewController.h */,
				E5E3DBFE23C9A8CD002517FF /* ViewController.m */,
				E5E3DC0023C9A8CD002517FF /* Main.storyboard */,
				E5E3DC1023C9A9C2002517FF /* kkk.png */,
				E5E3DC0323C9A8D2002517FF /* Assets.xcassets */,
				E5E3DC0523C9A8D2002517FF /* LaunchScreen.storyboard */,
				E5E3DC0823C9A8D2002517FF /* Info.plist */,
				E5E3DC0923C9A8D2002517FF /* main.m */,
			);
			path = "旋转正方体";
			sourceTree = "<group>";
		};
/* End PBXGroup section */

/* Begin PBXNativeTarget section */
		E5E3DBF323C9A8CD002517FF /* 旋转正方体 */ = {
			isa = PBXNativeTarget;
			buildConfigurationList = E5E3DC0D23C9A8D2002517FF /* Build configuration list for PBXNativeTarget "旋转正方体" */;
			buildPhases = (
				E5E3DBF023C9A8CD002517FF /* Sources */,
				E5E3DBF123C9A8CD002517FF /* Frameworks */,
				E5E3DBF223C9A8CD002517FF /* Resources */,
			);
			buildRules = (
			);
			dependencies = (
			);
			name = "旋转正方体";
			productName = "旋转正方体";
			productReference = E5E3DBF423C9A8CD002517FF /* 旋转正方体.app */;
			productType = "com.apple.product-type.application";
		};
/* End PBXNativeTarget section */

/* Begin PBXProject section */
		E5E3DBEC23C9A8CD002517FF /* Project object */ = {
			isa = PBXProject;
			attributes = {
				LastUpgradeCheck = 1130;
				ORGANIZATIONNAME = Misaka;
				TargetAttributes = {
					E5E3DBF323C9A8CD002517FF = {
						CreatedOnToolsVersion = 11.3;
					};
				};
			};
			buildConfigurationList = E5E3DBEF23C9A8CD002517FF /* Build configuration list for PBXProject "旋转正方体" */;
			compatibilityVersion = "Xcode 9.3";
			developmentRegion = en;
			hasScannedForEncodings = 0;
			knownRegions = (
				en,
				Base,
			);
			mainGroup = E5E3DBEB23C9A8CD002517FF;
			productRefGroup = E5E3DBF523C9A8CD002517FF /* Products */;
			projectDirPath = "";
			projectRoot = "";
			targets = (
				E5E3DBF323C9A8CD002517FF /* 旋转正方体 */,
			);
		};
/* End PBXProject section */

/* Begin PBXResourcesBuildPhase section */
		E5E3DBF223C9A8CD002517FF /* Resources */ = {
			isa = PBXResourcesBuildPhase;
			buildActionMask = 2147483647;
			files = (
				E5E3DC0723C9A8D2002517FF /* LaunchScreen.storyboard in Resources */,
				E5E3DC0423C9A8D2002517FF /* Assets.xcassets in Resources */,
				E5E3DC0223C9A8CD002517FF /* Main.storyboard in Resources */,
				E5E3DC1123C9A9C2002517FF /* kkk.png in Resources */,
			);
			runOnlyForDeploymentPostprocessing = 0;
		};
/* End PBXResourcesBuildPhase section */

/* Begin PBXSourcesBuildPhase section */
		E5E3DBF023C9A8CD002517FF /* Sources */ = {
			isa = PBXSourcesBuildPhase;
			buildActionMask = 2147483647;
			files = (
				E5E3DBFF23C9A8CD002517FF /* ViewController.m in Sources */,
				E5E3DBF923C9A8CD002517FF /* AppDelegate.m in Sources */,
				E5E3DC0A23C9A8D2002517FF /* main.m in Sources */,
				E5E3DBFC23C9A8CD002517FF /* SceneDelegate.m in Sources */,
			);
			runOnlyForDeploymentPostprocessing = 0;
		};
/* End PBXSourcesBuildPhase section */

/* Begin PBXVariantGroup section */
		E5E3DC0023C9A8CD002517FF /* Main.storyboard */ = {
			isa = PBXVariantGroup;
			children = (
				E5E3DC0123C9A8CD002517FF /* Base */,
			);
			name = Main.storyboard;
			sourceTree = "<group>";
		};
		E5E3DC0523C9A8D2002517FF /* LaunchScreen.storyboard */ = {
			isa = PBXVariantGroup;
			children = (
				E5E3DC0623C9A8D2002517FF /* Base */,
			);
			name = LaunchScreen.storyboard;
			sourceTree = "<group>";
		};
/* End PBXVariantGroup section */

/* Begin XCBuildConfiguration section */
		E5E3DC0B23C9A8D2002517FF /* Debug */ = {
			isa = XCBuildConfiguration;
			buildSettings = {
				ALWAYS_SEARCH_USER_PATHS = NO;
				CLANG_ANALYZER_NONNULL = YES;
				CLANG_ANALYZER_NUMBER_OBJECT_CONVERSION = YES_AGGRESSIVE;
				CLANG_CXX_LANGUAGE_STANDARD = "gnu++14";
				CLANG_CXX_LIBRARY = "libc++";
				CLANG_ENABLE_MODULES = YES;
				CLANG_ENABLE_OBJC_ARC = YES;
				CLANG_ENABLE_OBJC_WEAK = YES;
				CLANG_WARN_BLOCK_CAPTURE_AUTORELEASING = YES;
				CLANG_WARN_BOOL_CONVERSION = YES;
				CLANG_WARN_COMMA = YES;
				CLANG_WARN_CONSTANT_CONVERSION = YES;
				CLANG_WARN_DEPRECATED_OBJC_IMPLEMENTATIONS = YES;
				CLANG_WARN_DIRECT_OBJC_ISA_USAGE = YES_ERROR;
				CLANG_WARN_DOCUMENTATION_COMMENTS = YES;
				CLANG_WARN_EMPTY_BODY = YES;
				CLANG_WARN_ENUM_CONVERSION = YES;
				CLANG_WARN_INFINITE_RECURSION = YES;
				CLANG_WARN_INT_CONVERSION = YES;
				CLANG_WARN_NON_LITERAL_NULL_CONVERSION = YES;
				CLANG_WARN_OBJC_IMPLICIT_RETAIN_SELF = YES;
				CLANG_WARN_OBJC_LITERAL_CONVERSION = YES;
				CLANG_WARN_OBJC_ROOT_CLASS = YES_ERROR;
				CLANG_WARN_RANGE_LOOP_ANALYSIS = YES;
				CLANG_WARN_STRICT_PROTOTYPES = YES;
				CLANG_WARN_SUSPICIOUS_MOVE = YES;
				CLANG_WARN_UNGUARDED_AVAILABILITY = YES_AGGRESSIVE;
				CLANG_WARN_UNREACHABLE_CODE = YES;
				CLANG_WARN__DUPLICATE_METHOD_MATCH = YES;
				COPY_PHASE_STRIP = NO;
				DEBUG_INFORMATION_FORMAT = dwarf;
				ENABLE_STRICT_OBJC_MSGSEND = YES;
				ENABLE_TESTABILITY = YES;
				GCC_C_LANGUAGE_STANDARD = gnu11;
				GCC_DYNAMIC_NO_PIC = NO;
				GCC_NO_COMMON_BLOCKS = YES;
				GCC_OPTIMIZATION_LEVEL = 0;
				GCC_PREPROCESSOR_DEFINITIONS = (
					"DEBUG=1",
					"$(inherited)",
				);
				GCC_WARN_64_TO_32_BIT_CONVERSION = YES;
				GCC_WARN_ABOUT_RETURN_TYPE = YES_ERROR;
				GCC_WARN_UNDECLARED_SELECTOR = YES;
				GCC_WARN_UNINITIALIZED_AUTOS = YES_AGGRESSIVE;
				GCC_WARN_UNUSED_FUNCTION = YES;
				GCC_WARN_UNUSED_VARIABLE = YES;
				IPHONEOS_DEPLOYMENT_TARGET = 13.2;
				MTL_ENABLE_DEBUG_INFO = INCLUDE_SOURCE;
				MTL_FAST_MATH = YES;
				ONLY_ACTIVE_ARCH = YES;
				SDKROOT = iphoneos;
			};
			name = Debug;
		};
		E5E3DC0C23C9A8D2002517FF /* Release */ = {
			isa = XCBuildConfiguration;
			buildSettings = {
				ALWAYS_SEARCH_USER_PATHS = NO;
				CLANG_ANALYZER_NONNULL = YES;
				CLANG_ANALYZER_NUMBER_OBJECT_CONVERSION = YES_AGGRESSIVE;
				CLANG_CXX_LANGUAGE_STANDARD = "gnu++14";
				CLANG_CXX_LIBRARY = "libc++";
				CLANG_ENABLE_MODULES = YES;
				CLANG_ENABLE_OBJC_ARC = YES;
				CLANG_ENABLE_OBJC_WEAK = YES;
				CLANG_WARN_BLOCK_CAPTURE_AUTORELEASING = YES;
				CLANG_WARN_BOOL_CONVERSION = YES;
				CLANG_WARN_COMMA = YES;
				CLANG_WARN_CONSTANT_CONVERSION = YES;
				CLANG_WARN_DEPRECATED_OBJC_IMPLEMENTATIONS = YES;
				CLANG_WARN_DIRECT_OBJC_ISA_USAGE = YES_ERROR;
				CLANG_WARN_DOCUMENTATION_COMMENTS = YES;
				CLANG_WARN_EMPTY_BODY = YES;
				CLANG_WARN_ENUM_CONVERSION = YES;
				CLANG_WARN_INFINITE_RECURSION = YES;
				CLANG_WARN_INT_CONVERSION = YES;
				CLANG_WARN_NON_LITERAL_NULL_CONVERSION = YES;
				CLANG_WARN_OBJC_IMPLICIT_RETAIN_SELF = YES;
				CLANG_WARN_OBJC_LITERAL_CONVERSION = YES;
				CLANG_WARN_OBJC_ROOT_CLASS = YES_ERROR;
				CLANG_WARN_RANGE_LOOP_ANALYSIS = YES;
				CLANG_WARN_STRICT_PROTOTYPES = YES;
				CLANG_WARN_SUSPICIOUS_MOVE = YES;
				CLANG_WARN_UNGUARDED_AVAILABILITY = YES_AGGRESSIVE;
				CLANG_WARN_UNREACHABLE_CODE = YES;
				CLANG_WARN__DUPLICATE_METHOD_MATCH = YES;
				COPY_PHASE_STRIP = NO;
				DEBUG_INFORMATION_FORMAT = "dwarf-with-dsym";
				ENABLE_NS_ASSERTIONS = NO;
				ENABLE_STRICT_OBJC_MSGSEND = YES;
				GCC_C_LANGUAGE_STANDARD = gnu11;
				GCC_NO_COMMON_BLOCKS = YES;
				GCC_WARN_64_TO_32_BIT_CONVERSION = YES;
				GCC_WARN_ABOUT_RETURN_TYPE = YES_ERROR;
				GCC_WARN_UNDECLARED_SELECTOR = YES;
				GCC_WARN_UNINITIALIZED_AUTOS = YES_AGGRESSIVE;
				GCC_WARN_UNUSED_FUNCTION = YES;
				GCC_WARN_UNUSED_VARIABLE = YES;
				IPHONEOS_DEPLOYMENT_TARGET = 13.2;
				MTL_ENABLE_DEBUG_INFO = NO;
				MTL_FAST_MATH = YES;
				SDKROOT = iphoneos;
				VALIDATE_PRODUCT = YES;
			};
			name = Release;
		};
		E5E3DC0E23C9A8D2002517FF /* Debug */ = {
			isa = XCBuildConfiguration;
			buildSettings = {
				ASSETCATALOG_COMPILER_APPICON_NAME = AppIcon;
				CODE_SIGN_STYLE = Automatic;
				DEVELOPMENT_TEAM = 3N43APWRRP;
				INFOPLIST_FILE = "旋转正方体/Info.plist";
				LD_RUNPATH_SEARCH_PATHS = (
					"$(inherited)",
					"@executable_path/Frameworks",
				);
				PRODUCT_BUNDLE_IDENTIFIER = "com.CC.-----";
				PRODUCT_NAME = "$(TARGET_NAME)";
				TARGETED_DEVICE_FAMILY = "1,2";
			};
			name = Debug;
		};
		E5E3DC0F23C9A8D2002517FF /* Release */ = {
			isa = XCBuildConfiguration;
			buildSettings = {
				ASSETCATALOG_COMPILER_APPICON_NAME = AppIcon;
				CODE_SIGN_STYLE = Automatic;
				DEVELOPMENT_TEAM = 3N43APWRRP;
				INFOPLIST_FILE = "旋转正方体/Info.plist";
				LD_RUNPATH_SEARCH_PATHS = (
					"$(inherited)",
					"@executable_path/Frameworks",
				);
				PRODUCT_BUNDLE_IDENTIFIER = "com.CC.-----";
				PRODUCT_NAME = "$(TARGET_NAME)";
				TARGETED_DEVICE_FAMILY = "1,2";
			};
			name = Release;
		};
/* End XCBuildConfiguration section */

/* Begin XCConfigurationList section */
		E5E3DBEF23C9A8CD002517FF /* Build configuration list for PBXProject "旋转正方体" */ = {
			isa = XCConfigurationList;
			buildConfigurations = (
				E5E3DC0B23C9A8D2002517FF /* Debug */,
				E5E3DC0C23C9A8D2002517FF /* Release */,
			);
			defaultConfigurationIsVisible = 0;
			defaultConfigurationName = Release;
		};
		E5E3DC0D23C9A8D2002517FF /* Build configuration list for PBXNativeTarget "旋转正方体" */ = {
			isa = XCConfigurationList;
			buildConfigurations = (
				E5E3DC0E23C9A8D2002517FF /* Debug */,
				E5E3DC0F23C9A8D2002517FF /* Release */,
			);
			defaultConfigurationIsVisible = 0;
			defaultConfigurationName = Release;
		};
/* End XCConfigurationList section */
	};
	rootObject = E5E3DBEC23C9A8CD002517FF /* Project object */;
}
